{
  "version": 4,
  "terraform_version": "1.6.3",
  "serial": 270,
  "lineage": "264e2302-7bcd-2131-953b-a68a4386404a",
  "outputs": {},
  "resources": [
    {
      "module": "module.key1",
      "mode": "managed",
      "type": "aws_key_pair",
      "name": "default",
      "provider": "provider[\"registry.terraform.io/hashicorp/aws\"]",
      "instances": [
        {
          "schema_version": 1,
          "attributes": {
            "arn": "arn:aws:ec2:us-east-1:458831214565:key-pair/Laptop",
            "fingerprint": "46:c8:9e:da:0d:53:0f:d1:27:43:70:fd:7f:1f:b4:90",
            "id": "Laptop",
            "key_name": "Laptop",
            "key_name_prefix": "",
            "key_pair_id": "key-038cb7e5d2ae0c5a3",
            "key_type": "rsa",
            "public_key": "ssh-rsa AAAAB3NzaC1yc2EAAAADAQABAAABgQDhtELWTC/hIFrkkyEAtQbozzMv2YT0D08A+Bsbph9Fi5LEg8flZR50kBmqLRHQp0oU30Vm6oNuJkcxahieH5T1NnmgivBpk9R6gBFwPoUoZ9aqbMF4OzJmN27Zci6OhU/f0qlvZ0u+uEBk5jNuVvwbkXNq+SaZazq8Neo6tvepfgxwYg8VKblOqFWHdsuGMzhFGe6fPqAnAxCyOXZPP1TWQ2ggk6w2h9MM4KBF/gezZz5YmriIHiI+v0erZSIcC9HoD+sfzJ0ke0A5CQT9Ab/HwAfGyIA+PdxFZ3n7kEI9/WWtm/cLMl3iQ9UH3yKqFxYE2WVyaVRvkj157bdcO+Vi9qZ+KiOCJffq9aaBmNAs1v0uQxHe5syj8THtX/dQgeEewvD9wPnDMmOjZCpGtkFKf4iXuvZkMPQoQPe9fwBKzb4KaWf+ImqK0UuwAuwOcOB4rsJ1PHA6EnuYQWsn7sO1HljRtG+ODrmejytLr/AKRVxLyxSMywAeMWACPh+89JE= main\\manuel.regli@FENNB04206",
            "tags": null,
            "tags_all": {}
          },
          "sensitive_attributes": [],
          "private": "eyJzY2hlbWFfdmVyc2lvbiI6IjEifQ=="
        }
      ]
    },
    {
      "module": "module.nat1",
      "mode": "managed",
      "type": "aws_eip",
      "name": "nat",
      "provider": "provider[\"registry.terraform.io/hashicorp/aws\"]",
      "instances": [
        {
          "schema_version": 0,
          "attributes": {
            "address": null,
            "allocation_id": "eipalloc-05c0f8de9226124be",
            "associate_with_private_ip": null,
            "association_id": "",
            "carrier_ip": "",
            "customer_owned_ip": "",
            "customer_owned_ipv4_pool": "",
            "domain": "vpc",
            "id": "eipalloc-05c0f8de9226124be",
            "instance": "",
            "network_border_group": "us-east-1",
            "network_interface": "",
            "private_dns": null,
            "private_ip": "",
            "public_dns": "ec2-44-218-248-162.compute-1.amazonaws.com",
            "public_ip": "44.218.248.162",
            "public_ipv4_pool": "amazon",
            "tags": {
              "Name": "test"
            },
            "tags_all": {
              "Name": "test"
            },
            "timeouts": null,
            "vpc": true
          },
          "sensitive_attributes": [],
          "private": "eyJlMmJmYjczMC1lY2FhLTExZTYtOGY4OC0zNDM2M2JjN2M0YzAiOnsiZGVsZXRlIjoxODAwMDAwMDAwMDAsInJlYWQiOjkwMDAwMDAwMDAwMCwidXBkYXRlIjozMDAwMDAwMDAwMDB9fQ==",
          "dependencies": [
            "module.sub1.aws_internet_gateway.nat_gateway",
            "module.sub1.aws_route_table.nat_gateway",
            "module.sub1.aws_route_table_association.nat_gateway",
            "module.sub1.aws_subnet.default",
            "module.vpc1.aws_vpc.default"
          ]
        }
      ]
    },
    {
      "module": "module.nat1",
      "mode": "managed",
      "type": "aws_nat_gateway",
      "name": "default",
      "provider": "provider[\"registry.terraform.io/hashicorp/aws\"]",
      "instances": [
        {
          "schema_version": 0,
          "attributes": {
            "allocation_id": "eipalloc-05c0f8de9226124be",
            "association_id": "eipassoc-0238371517aab6acc",
            "connectivity_type": "public",
            "id": "nat-0f43008c53106a510",
            "network_interface_id": "eni-0d3ab19e556c6079a",
            "private_ip": "172.20.0.203",
            "public_ip": "44.218.248.162",
            "subnet_id": "subnet-0aba9a5d8ab5b9d7c",
            "tags": {
              "Name": "test"
            },
            "tags_all": {
              "Name": "test"
            }
          },
          "sensitive_attributes": [],
          "private": "bnVsbA==",
          "dependencies": [
            "module.nat1.aws_eip.nat",
            "module.sub1.aws_internet_gateway.nat_gateway",
            "module.sub1.aws_route_table.nat_gateway",
            "module.sub1.aws_route_table_association.nat_gateway",
            "module.sub1.aws_subnet.default",
            "module.vpc1.aws_vpc.default"
          ]
        }
      ]
    },
    {
      "module": "module.nat1",
      "mode": "managed",
      "type": "aws_route_table",
      "name": "instance",
      "provider": "provider[\"registry.terraform.io/hashicorp/aws\"]",
      "instances": [
        {
          "schema_version": 0,
          "attributes": {
            "arn": "arn:aws:ec2:us-east-1:458831214565:route-table/rtb-0286405f6fab8b649",
            "id": "rtb-0286405f6fab8b649",
            "owner_id": "458831214565",
            "propagating_vgws": [],
            "route": [
              {
                "carrier_gateway_id": "",
                "cidr_block": "0.0.0.0/0",
                "core_network_arn": "",
                "destination_prefix_list_id": "",
                "egress_only_gateway_id": "",
                "gateway_id": "",
                "instance_id": "",
                "ipv6_cidr_block": "",
                "local_gateway_id": "",
                "nat_gateway_id": "nat-0f43008c53106a510",
                "network_interface_id": "",
                "transit_gateway_id": "",
                "vpc_endpoint_id": "",
                "vpc_peering_connection_id": ""
              }
            ],
            "tags": null,
            "tags_all": {},
            "timeouts": null,
            "vpc_id": "vpc-0d8fce5168c31d057"
          },
          "sensitive_attributes": [],
          "private": "eyJlMmJmYjczMC1lY2FhLTExZTYtOGY4OC0zNDM2M2JjN2M0YzAiOnsiY3JlYXRlIjozMDAwMDAwMDAwMDAsImRlbGV0ZSI6MzAwMDAwMDAwMDAwLCJ1cGRhdGUiOjEyMDAwMDAwMDAwMH19",
          "dependencies": [
            "module.nat1.aws_eip.nat",
            "module.nat1.aws_nat_gateway.default",
            "module.sub1.aws_internet_gateway.nat_gateway",
            "module.sub1.aws_route_table.nat_gateway",
            "module.sub1.aws_route_table_association.nat_gateway",
            "module.sub1.aws_subnet.default",
            "module.vpc1.aws_vpc.default"
          ]
        }
      ]
    },
    {
      "module": "module.nat1",
      "mode": "managed",
      "type": "aws_route_table_association",
      "name": "instance",
      "provider": "provider[\"registry.terraform.io/hashicorp/aws\"]",
      "instances": [
        {
          "schema_version": 0,
          "attributes": {
            "gateway_id": "",
            "id": "rtbassoc-0d802b6e89dfb7b65",
            "route_table_id": "rtb-0286405f6fab8b649",
            "subnet_id": "subnet-08399caccb0177bc9",
            "timeouts": null
          },
          "sensitive_attributes": [],
          "private": "eyJlMmJmYjczMC1lY2FhLTExZTYtOGY4OC0zNDM2M2JjN2M0YzAiOnsiY3JlYXRlIjozMDAwMDAwMDAwMDAsImRlbGV0ZSI6MzAwMDAwMDAwMDAwLCJ1cGRhdGUiOjEyMDAwMDAwMDAwMH19",
          "dependencies": [
            "module.nat1.aws_eip.nat",
            "module.nat1.aws_nat_gateway.default",
            "module.nat1.aws_route_table.instance",
            "module.sub1.aws_internet_gateway.nat_gateway",
            "module.sub1.aws_route_table.nat_gateway",
            "module.sub1.aws_route_table_association.nat_gateway",
            "module.sub1.aws_subnet.default",
            "module.sub2.aws_subnet.default",
            "module.vpc1.aws_vpc.default"
          ]
        }
      ]
    },
    {
      "module": "module.sub1",
      "mode": "managed",
      "type": "aws_internet_gateway",
      "name": "nat_gateway",
      "provider": "provider[\"registry.terraform.io/hashicorp/aws\"]",
      "instances": [
        {
          "index_key": 0,
          "schema_version": 0,
          "attributes": {
            "arn": "arn:aws:ec2:us-east-1:458831214565:internet-gateway/igw-0ce1d74dca0d179a4",
            "id": "igw-0ce1d74dca0d179a4",
            "owner_id": "458831214565",
            "tags": {
              "Name": "main-priv-sub"
            },
            "tags_all": {
              "Name": "main-priv-sub"
            },
            "timeouts": null,
            "vpc_id": "vpc-0d8fce5168c31d057"
          },
          "sensitive_attributes": [],
          "private": "eyJlMmJmYjczMC1lY2FhLTExZTYtOGY4OC0zNDM2M2JjN2M0YzAiOnsiY3JlYXRlIjoxMjAwMDAwMDAwMDAwLCJkZWxldGUiOjEyMDAwMDAwMDAwMDAsInVwZGF0ZSI6MTIwMDAwMDAwMDAwMH19",
          "dependencies": [
            "module.vpc1.aws_vpc.default"
          ]
        }
      ]
    },
    {
      "module": "module.sub1",
      "mode": "managed",
      "type": "aws_route_table",
      "name": "nat_gateway",
      "provider": "provider[\"registry.terraform.io/hashicorp/aws\"]",
      "instances": [
        {
          "index_key": 0,
          "schema_version": 0,
          "attributes": {
            "arn": "arn:aws:ec2:us-east-1:458831214565:route-table/rtb-0f25b846f9028d1f9",
            "id": "rtb-0f25b846f9028d1f9",
            "owner_id": "458831214565",
            "propagating_vgws": [],
            "route": [
              {
                "carrier_gateway_id": "",
                "cidr_block": "0.0.0.0/0",
                "core_network_arn": "",
                "destination_prefix_list_id": "",
                "egress_only_gateway_id": "",
                "gateway_id": "igw-0ce1d74dca0d179a4",
                "instance_id": "",
                "ipv6_cidr_block": "",
                "local_gateway_id": "",
                "nat_gateway_id": "",
                "network_interface_id": "",
                "transit_gateway_id": "",
                "vpc_endpoint_id": "",
                "vpc_peering_connection_id": ""
              }
            ],
            "tags": null,
            "tags_all": {},
            "timeouts": null,
            "vpc_id": "vpc-0d8fce5168c31d057"
          },
          "sensitive_attributes": [],
          "private": "eyJlMmJmYjczMC1lY2FhLTExZTYtOGY4OC0zNDM2M2JjN2M0YzAiOnsiY3JlYXRlIjozMDAwMDAwMDAwMDAsImRlbGV0ZSI6MzAwMDAwMDAwMDAwLCJ1cGRhdGUiOjEyMDAwMDAwMDAwMH19",
          "dependencies": [
            "module.sub1.aws_internet_gateway.nat_gateway",
            "module.vpc1.aws_vpc.default"
          ]
        }
      ]
    },
    {
      "module": "module.sub1",
      "mode": "managed",
      "type": "aws_route_table_association",
      "name": "nat_gateway",
      "provider": "provider[\"registry.terraform.io/hashicorp/aws\"]",
      "instances": [
        {
          "index_key": 0,
          "schema_version": 0,
          "attributes": {
            "gateway_id": "",
            "id": "rtbassoc-0f86ef8bb58516a14",
            "route_table_id": "rtb-0f25b846f9028d1f9",
            "subnet_id": "subnet-0aba9a5d8ab5b9d7c",
            "timeouts": null
          },
          "sensitive_attributes": [],
          "private": "eyJlMmJmYjczMC1lY2FhLTExZTYtOGY4OC0zNDM2M2JjN2M0YzAiOnsiY3JlYXRlIjozMDAwMDAwMDAwMDAsImRlbGV0ZSI6MzAwMDAwMDAwMDAwLCJ1cGRhdGUiOjEyMDAwMDAwMDAwMH19",
          "dependencies": [
            "module.sub1.aws_internet_gateway.nat_gateway",
            "module.sub1.aws_route_table.nat_gateway",
            "module.sub1.aws_subnet.default",
            "module.vpc1.aws_vpc.default"
          ]
        }
      ]
    },
    {
      "module": "module.sub1",
      "mode": "managed",
      "type": "aws_subnet",
      "name": "default",
      "provider": "provider[\"registry.terraform.io/hashicorp/aws\"]",
      "instances": [
        {
          "schema_version": 1,
          "attributes": {
            "arn": "arn:aws:ec2:us-east-1:458831214565:subnet/subnet-0aba9a5d8ab5b9d7c",
            "assign_ipv6_address_on_creation": false,
            "availability_zone": "us-east-1b",
            "availability_zone_id": "use1-az4",
            "cidr_block": "172.20.0.0/24",
            "customer_owned_ipv4_pool": "",
            "enable_dns64": false,
            "enable_lni_at_device_index": 0,
            "enable_resource_name_dns_a_record_on_launch": false,
            "enable_resource_name_dns_aaaa_record_on_launch": false,
            "id": "subnet-0aba9a5d8ab5b9d7c",
            "ipv6_cidr_block": "",
            "ipv6_cidr_block_association_id": "",
            "ipv6_native": false,
            "map_customer_owned_ip_on_launch": false,
            "map_public_ip_on_launch": true,
            "outpost_arn": "",
            "owner_id": "458831214565",
            "private_dns_hostname_type_on_launch": "ip-name",
            "tags": {
              "Name": "main-priv-sub"
            },
            "tags_all": {
              "Name": "main-priv-sub"
            },
            "timeouts": null,
            "vpc_id": "vpc-0d8fce5168c31d057"
          },
          "sensitive_attributes": [],
          "private": "eyJlMmJmYjczMC1lY2FhLTExZTYtOGY4OC0zNDM2M2JjN2M0YzAiOnsiY3JlYXRlIjo2MDAwMDAwMDAwMDAsImRlbGV0ZSI6MTIwMDAwMDAwMDAwMH0sInNjaGVtYV92ZXJzaW9uIjoiMSJ9",
          "dependencies": [
            "module.vpc1.aws_vpc.default"
          ]
        }
      ]
    },
    {
      "module": "module.sub2",
      "mode": "managed",
      "type": "aws_subnet",
      "name": "default",
      "provider": "provider[\"registry.terraform.io/hashicorp/aws\"]",
      "instances": [
        {
          "schema_version": 1,
          "attributes": {
            "arn": "arn:aws:ec2:us-east-1:458831214565:subnet/subnet-08399caccb0177bc9",
            "assign_ipv6_address_on_creation": false,
            "availability_zone": "us-east-1b",
            "availability_zone_id": "use1-az4",
            "cidr_block": "172.20.1.0/24",
            "customer_owned_ipv4_pool": "",
            "enable_dns64": false,
            "enable_lni_at_device_index": 0,
            "enable_resource_name_dns_a_record_on_launch": false,
            "enable_resource_name_dns_aaaa_record_on_launch": false,
            "id": "subnet-08399caccb0177bc9",
            "ipv6_cidr_block": "",
            "ipv6_cidr_block_association_id": "",
            "ipv6_native": false,
            "map_customer_owned_ip_on_launch": false,
            "map_public_ip_on_launch": false,
            "outpost_arn": "",
            "owner_id": "458831214565",
            "private_dns_hostname_type_on_launch": "ip-name",
            "tags": {
              "Name": "main-priv-sub"
            },
            "tags_all": {
              "Name": "main-priv-sub"
            },
            "timeouts": null,
            "vpc_id": "vpc-0d8fce5168c31d057"
          },
          "sensitive_attributes": [],
          "private": "eyJlMmJmYjczMC1lY2FhLTExZTYtOGY4OC0zNDM2M2JjN2M0YzAiOnsiY3JlYXRlIjo2MDAwMDAwMDAwMDAsImRlbGV0ZSI6MTIwMDAwMDAwMDAwMH0sInNjaGVtYV92ZXJzaW9uIjoiMSJ9",
          "dependencies": [
            "module.vpc1.aws_vpc.default"
          ]
        }
      ]
    },
    {
      "module": "module.vm1",
      "mode": "managed",
      "type": "aws_instance",
      "name": "default",
      "provider": "provider[\"registry.terraform.io/hashicorp/aws\"]",
      "instances": [
        {
          "schema_version": 1,
          "attributes": {
            "ami": "ami-0fc5d935ebf8bc3bc",
            "arn": "arn:aws:ec2:us-east-1:458831214565:instance/i-0928ba853322196cd",
            "associate_public_ip_address": true,
            "availability_zone": "us-east-1b",
            "capacity_reservation_specification": [
              {
                "capacity_reservation_preference": "open",
                "capacity_reservation_target": []
              }
            ],
            "cpu_core_count": 1,
            "cpu_options": [
              {
                "amd_sev_snp": "",
                "core_count": 1,
                "threads_per_core": 1
              }
            ],
            "cpu_threads_per_core": 1,
            "credit_specification": [
              {
                "cpu_credits": "standard"
              }
            ],
            "disable_api_stop": false,
            "disable_api_termination": false,
            "ebs_block_device": [],
            "ebs_optimized": false,
            "enclave_options": [
              {
                "enabled": false
              }
            ],
            "ephemeral_block_device": [],
            "get_password_data": false,
            "hibernation": false,
            "host_id": "",
            "host_resource_group_arn": null,
            "iam_instance_profile": "",
            "id": "i-0928ba853322196cd",
            "instance_initiated_shutdown_behavior": "stop",
            "instance_state": "running",
            "instance_type": "t2.nano",
            "ipv6_address_count": 0,
            "ipv6_addresses": [],
            "key_name": "Laptop",
            "launch_template": [],
            "maintenance_options": [
              {
                "auto_recovery": "default"
              }
            ],
            "metadata_options": [
              {
                "http_endpoint": "enabled",
                "http_put_response_hop_limit": 1,
                "http_tokens": "optional",
                "instance_metadata_tags": "disabled"
              }
            ],
            "monitoring": false,
            "network_interface": [
              {
                "delete_on_termination": false,
                "device_index": 0,
                "network_card_index": 0,
                "network_interface_id": "eni-0e75b8252fa841dbc"
              }
            ],
            "outpost_arn": "",
            "password_data": "",
            "placement_group": "",
            "placement_partition_number": 0,
            "primary_network_interface_id": "eni-0e75b8252fa841dbc",
            "private_dns": "ip-172-20-0-122.ec2.internal",
            "private_dns_name_options": [
              {
                "enable_resource_name_dns_a_record": false,
                "enable_resource_name_dns_aaaa_record": false,
                "hostname_type": "ip-name"
              }
            ],
            "private_ip": "172.20.0.122",
            "public_dns": "",
            "public_ip": "34.234.69.95",
            "root_block_device": [
              {
                "delete_on_termination": true,
                "device_name": "/dev/sda1",
                "encrypted": false,
                "iops": 0,
                "kms_key_id": "",
                "tags": null,
                "throughput": 0,
                "volume_id": "vol-0f83f2c5c52152947",
                "volume_size": 8,
                "volume_type": "standard"
              }
            ],
            "secondary_private_ips": [],
            "security_groups": [],
            "source_dest_check": true,
            "subnet_id": "subnet-0aba9a5d8ab5b9d7c",
            "tags": {
              "Name": "vm-1"
            },
            "tags_all": {
              "Name": "vm-1"
            },
            "tenancy": "default",
            "timeouts": null,
            "user_data": null,
            "user_data_base64": null,
            "user_data_replace_on_change": false,
            "volume_tags": null,
            "vpc_security_group_ids": [
              "sg-0a6721084ca1b5324"
            ]
          },
          "sensitive_attributes": [],
          "private": "eyJlMmJmYjczMC1lY2FhLTExZTYtOGY4OC0zNDM2M2JjN2M0YzAiOnsiY3JlYXRlIjo2MDAwMDAwMDAwMDAsImRlbGV0ZSI6MTIwMDAwMDAwMDAwMCwidXBkYXRlIjo2MDAwMDAwMDAwMDB9LCJzY2hlbWFfdmVyc2lvbiI6IjEifQ==",
          "dependencies": [
            "module.key1.aws_key_pair.default",
            "module.sub1.aws_internet_gateway.nat_gateway",
            "module.sub1.aws_route_table.nat_gateway",
            "module.sub1.aws_route_table_association.nat_gateway",
            "module.sub1.aws_subnet.default",
            "module.vm1.aws_network_interface.default",
            "module.vpc1.aws_vpc.default"
          ]
        }
      ]
    },
    {
      "module": "module.vm1",
      "mode": "managed",
      "type": "aws_network_interface",
      "name": "default",
      "provider": "provider[\"registry.terraform.io/hashicorp/aws\"]",
      "instances": [
        {
          "schema_version": 0,
          "attributes": {
            "arn": "arn:aws:ec2:us-east-1:458831214565:network-interface/eni-0e75b8252fa841dbc",
            "attachment": [],
            "description": "",
            "id": "eni-0e75b8252fa841dbc",
            "interface_type": "interface",
            "ipv4_prefix_count": 0,
            "ipv4_prefixes": [],
            "ipv6_address_count": 0,
            "ipv6_address_list": [],
            "ipv6_address_list_enabled": false,
            "ipv6_addresses": [],
            "ipv6_prefix_count": 0,
            "ipv6_prefixes": [],
            "mac_address": "0a:12:58:80:64:7b",
            "outpost_arn": "",
            "owner_id": "458831214565",
            "private_dns_name": "",
            "private_ip": "172.20.0.122",
            "private_ip_list": [
              "172.20.0.122"
            ],
            "private_ip_list_enabled": false,
            "private_ips": [
              "172.20.0.122"
            ],
            "private_ips_count": 0,
            "security_groups": [
              "sg-0a6721084ca1b5324"
            ],
            "source_dest_check": true,
            "subnet_id": "subnet-0aba9a5d8ab5b9d7c",
            "tags": null,
            "tags_all": {}
          },
          "sensitive_attributes": [],
          "private": "bnVsbA==",
          "dependencies": [
            "module.key1.aws_key_pair.default",
            "module.sub1.aws_internet_gateway.nat_gateway",
            "module.sub1.aws_route_table.nat_gateway",
            "module.sub1.aws_route_table_association.nat_gateway",
            "module.sub1.aws_subnet.default",
            "module.vpc1.aws_vpc.default"
          ]
        }
      ]
    },
    {
      "module": "module.vm2",
      "mode": "managed",
      "type": "aws_instance",
      "name": "default",
      "provider": "provider[\"registry.terraform.io/hashicorp/aws\"]",
      "instances": [
        {
          "schema_version": 1,
          "attributes": {
            "ami": "ami-0fc5d935ebf8bc3bc",
            "arn": "arn:aws:ec2:us-east-1:458831214565:instance/i-0a1be18e0bc572c8b",
            "associate_public_ip_address": false,
            "availability_zone": "us-east-1b",
            "capacity_reservation_specification": [
              {
                "capacity_reservation_preference": "open",
                "capacity_reservation_target": []
              }
            ],
            "cpu_core_count": 1,
            "cpu_options": [
              {
                "amd_sev_snp": "",
                "core_count": 1,
                "threads_per_core": 1
              }
            ],
            "cpu_threads_per_core": 1,
            "credit_specification": [
              {
                "cpu_credits": "standard"
              }
            ],
            "disable_api_stop": false,
            "disable_api_termination": false,
            "ebs_block_device": [],
            "ebs_optimized": false,
            "enclave_options": [
              {
                "enabled": false
              }
            ],
            "ephemeral_block_device": [],
            "get_password_data": false,
            "hibernation": false,
            "host_id": "",
            "host_resource_group_arn": null,
            "iam_instance_profile": "",
            "id": "i-0a1be18e0bc572c8b",
            "instance_initiated_shutdown_behavior": "stop",
            "instance_state": "running",
            "instance_type": "t2.nano",
            "ipv6_address_count": 0,
            "ipv6_addresses": [],
            "key_name": "Laptop",
            "launch_template": [],
            "maintenance_options": [
              {
                "auto_recovery": "default"
              }
            ],
            "metadata_options": [
              {
                "http_endpoint": "enabled",
                "http_put_response_hop_limit": 1,
                "http_tokens": "optional",
                "instance_metadata_tags": "disabled"
              }
            ],
            "monitoring": false,
            "network_interface": [
              {
                "delete_on_termination": false,
                "device_index": 0,
                "network_card_index": 0,
                "network_interface_id": "eni-0bd8ec2173b6fb42e"
              }
            ],
            "outpost_arn": "",
            "password_data": "",
            "placement_group": "",
            "placement_partition_number": 0,
            "primary_network_interface_id": "eni-0bd8ec2173b6fb42e",
            "private_dns": "ip-172-20-1-107.ec2.internal",
            "private_dns_name_options": [
              {
                "enable_resource_name_dns_a_record": false,
                "enable_resource_name_dns_aaaa_record": false,
                "hostname_type": "ip-name"
              }
            ],
            "private_ip": "172.20.1.107",
            "public_dns": "",
            "public_ip": "",
            "root_block_device": [
              {
                "delete_on_termination": true,
                "device_name": "/dev/sda1",
                "encrypted": false,
                "iops": 0,
                "kms_key_id": "",
                "tags": null,
                "throughput": 0,
                "volume_id": "vol-0e5bdaf97acac631f",
                "volume_size": 8,
                "volume_type": "standard"
              }
            ],
            "secondary_private_ips": [],
            "security_groups": [],
            "source_dest_check": true,
            "subnet_id": "subnet-08399caccb0177bc9",
            "tags": {
              "Name": "vm-2"
            },
            "tags_all": {
              "Name": "vm-2"
            },
            "tenancy": "default",
            "timeouts": null,
            "user_data": null,
            "user_data_base64": null,
            "user_data_replace_on_change": false,
            "volume_tags": null,
            "vpc_security_group_ids": [
              "sg-0a6721084ca1b5324"
            ]
          },
          "sensitive_attributes": [],
          "private": "eyJlMmJmYjczMC1lY2FhLTExZTYtOGY4OC0zNDM2M2JjN2M0YzAiOnsiY3JlYXRlIjo2MDAwMDAwMDAwMDAsImRlbGV0ZSI6MTIwMDAwMDAwMDAwMCwidXBkYXRlIjo2MDAwMDAwMDAwMDB9LCJzY2hlbWFfdmVyc2lvbiI6IjEifQ==",
          "dependencies": [
            "module.key1.aws_key_pair.default",
            "module.sub2.aws_internet_gateway.nat_gateway",
            "module.sub2.aws_route_table.nat_gateway",
            "module.sub2.aws_route_table_association.nat_gateway",
            "module.sub2.aws_subnet.default",
            "module.vm2.aws_network_interface.default",
            "module.vpc1.aws_vpc.default"
          ]
        }
      ]
    },
    {
      "module": "module.vm2",
      "mode": "managed",
      "type": "aws_network_interface",
      "name": "default",
      "provider": "provider[\"registry.terraform.io/hashicorp/aws\"]",
      "instances": [
        {
          "schema_version": 0,
          "attributes": {
            "arn": "arn:aws:ec2:us-east-1:458831214565:network-interface/eni-0bd8ec2173b6fb42e",
            "attachment": [],
            "description": "",
            "id": "eni-0bd8ec2173b6fb42e",
            "interface_type": "interface",
            "ipv4_prefix_count": 0,
            "ipv4_prefixes": [],
            "ipv6_address_count": 0,
            "ipv6_address_list": [],
            "ipv6_address_list_enabled": false,
            "ipv6_addresses": [],
            "ipv6_prefix_count": 0,
            "ipv6_prefixes": [],
            "mac_address": "0a:07:ee:31:8a:9f",
            "outpost_arn": "",
            "owner_id": "458831214565",
            "private_dns_name": "",
            "private_ip": "172.20.1.107",
            "private_ip_list": [
              "172.20.1.107"
            ],
            "private_ip_list_enabled": false,
            "private_ips": [
              "172.20.1.107"
            ],
            "private_ips_count": 0,
            "security_groups": [
              "sg-0a6721084ca1b5324"
            ],
            "source_dest_check": true,
            "subnet_id": "subnet-08399caccb0177bc9",
            "tags": null,
            "tags_all": {}
          },
          "sensitive_attributes": [],
          "private": "bnVsbA==",
          "dependencies": [
            "module.key1.aws_key_pair.default",
            "module.sub2.aws_internet_gateway.nat_gateway",
            "module.sub2.aws_route_table.nat_gateway",
            "module.sub2.aws_route_table_association.nat_gateway",
            "module.sub2.aws_subnet.default",
            "module.vpc1.aws_vpc.default"
          ]
        }
      ]
    },
    {
      "module": "module.vpc1",
      "mode": "managed",
      "type": "aws_vpc",
      "name": "default",
      "provider": "provider[\"registry.terraform.io/hashicorp/aws\"]",
      "instances": [
        {
          "schema_version": 1,
          "attributes": {
            "arn": "arn:aws:ec2:us-east-1:458831214565:vpc/vpc-0d8fce5168c31d057",
            "assign_generated_ipv6_cidr_block": false,
            "cidr_block": "172.20.0.0/16",
            "default_network_acl_id": "acl-06c31976b0c0e9e35",
            "default_route_table_id": "rtb-07d5cf917c4487829",
            "default_security_group_id": "sg-0a6721084ca1b5324",
            "dhcp_options_id": "dopt-0c8e1e3a610877e11",
            "enable_classiclink": false,
            "enable_classiclink_dns_support": false,
            "enable_dns_hostnames": false,
            "enable_dns_support": true,
            "enable_network_address_usage_metrics": false,
            "id": "vpc-0d8fce5168c31d057",
            "instance_tenancy": "default",
            "ipv4_ipam_pool_id": null,
            "ipv4_netmask_length": null,
            "ipv6_association_id": "",
            "ipv6_cidr_block": "",
            "ipv6_cidr_block_network_border_group": "",
            "ipv6_ipam_pool_id": "",
            "ipv6_netmask_length": 0,
            "main_route_table_id": "rtb-07d5cf917c4487829",
            "owner_id": "458831214565",
            "tags": {
              "Name": "main-vpc"
            },
            "tags_all": {
              "Name": "main-vpc"
            }
          },
          "sensitive_attributes": [],
          "private": "eyJzY2hlbWFfdmVyc2lvbiI6IjEifQ=="
        }
      ]
    }
  ],
  "check_results": null
}
